
Microsoft Visual Studio Solution File, Format Version 12.00
# Visual Studio Version 17
VisualStudioVersion = 17.3.32929.385
MinimumVisualStudioVersion = 10.0.40219.1
Project("{FAE04EC0-301F-11D3-BF4B-00C04F79EFBC}") = "ITMO.CSCourse2022.FirstConsoleApp.Lab1", "ITMO.CSCourse2022.FirstConsoleApp.Lab1\ITMO.CSCourse2022.FirstConsoleApp.Lab1.csproj", "{371BD2BF-3243-483E-89F9-5774EC6B8141}"
EndProject
Project("{FAE04EC0-301F-11D3-BF4B-00C04F79EFBC}") = "ITMO.CSCourse2022.Lab1.Ex4", "ITMO.CSCourse2022.Lab1.Ex4\ITMO.CSCourse2022.Lab1.Ex4.csproj", "{C71E4F56-1B28-4905-B23F-32E9BA40907E}"
EndProject
Project("{FAE04EC0-301F-11D3-BF4B-00C04F79EFBC}") = "ITMO.CSCourse2022.BankAccount.Lab2", "ITMO.CSCourse2022.BankAccount.Lab2\ITMO.CSCourse2022.BankAccount.Lab2.csproj", "{A62D7361-7B5C-4D85-AF7F-9837876B1453}"
EndProject
Project("{FAE04EC0-301F-11D3-BF4B-00C04F79EFBC}") = "ITMO.CSCourse2022.StructType.Lab2.Ex.2", "ITMO.CSCourse2022.StructType.Lab2.Ex.2\ITMO.CSCourse2022.StructType.Lab2.Ex.2.csproj", "{D5C26425-5D26-4CEF-99CB-0CC0F485737C}"
EndProject
Global
	GlobalSection(SolutionConfigurationPlatforms) = preSolution
		Debug|Any CPU = Debug|Any CPU
		Release|Any CPU = Release|Any CPU
	EndGlobalSection
	GlobalSection(ProjectConfigurationPlatforms) = postSolution
		{371BD2BF-3243-483E-89F9-5774EC6B8141}.Debug|Any CPU.ActiveCfg = Debug|Any CPU
		{371BD2BF-3243-483E-89F9-5774EC6B8141}.Debug|Any CPU.Build.0 = Debug|Any CPU
		{371BD2BF-3243-483E-89F9-5774EC6B8141}.Release|Any CPU.ActiveCfg = Release|Any CPU
		{371BD2BF-3243-483E-89F9-5774EC6B8141}.Release|Any CPU.Build.0 = Release|Any CPU
		{C71E4F56-1B28-4905-B23F-32E9BA40907E}.Debug|Any CPU.ActiveCfg = Debug|Any CPU
		{C71E4F56-1B28-4905-B23F-32E9BA40907E}.Debug|Any CPU.Build.0 = Debug|Any CPU
		{C71E4F56-1B28-4905-B23F-32E9BA40907E}.Release|Any CPU.ActiveCfg = Release|Any CPU
		{C71E4F56-1B28-4905-B23F-32E9BA40907E}.Release|Any CPU.Build.0 = Release|Any CPU
		{A62D7361-7B5C-4D85-AF7F-9837876B1453}.Debug|Any CPU.ActiveCfg = Debug|Any CPU
		{A62D7361-7B5C-4D85-AF7F-9837876B1453}.Debug|Any CPU.Build.0 = Debug|Any CPU
		{A62D7361-7B5C-4D85-AF7F-9837876B1453}.Release|Any CPU.ActiveCfg = Release|Any CPU
		{A62D7361-7B5C-4D85-AF7F-9837876B1453}.Release|Any CPU.Build.0 = Release|Any CPU
		{D5C26425-5D26-4CEF-99CB-0CC0F485737C}.Debug|Any CPU.ActiveCfg = Debug|Any CPU
		{D5C26425-5D26-4CEF-99CB-0CC0F485737C}.Debug|Any CPU.Build.0 = Debug|Any CPU
		{D5C26425-5D26-4CEF-99CB-0CC0F485737C}.Release|Any CPU.ActiveCfg = Release|Any CPU
		{D5C26425-5D26-4CEF-99CB-0CC0F485737C}.Release|Any CPU.Build.0 = Release|Any CPU
	EndGlobalSection
	GlobalSection(SolutionProperties) = preSolution
		HideSolutionNode = FALSE
	EndGlobalSection
	GlobalSection(ExtensibilityGlobals) = postSolution
		SolutionGuid = {098E06F0-B195-4AD6-86D5-B395B5E8A98C}
	EndGlobalSection
EndGlobal
